// !$*UTF8*$!
{
	archiveVersion = 1;
	classes = {
	};
	objectVersion = 50;
	objects = {

/* Begin PBXBuildFile section */
		B6000320234EB7D400589D95 /* Joystick.swift in Sources */ = {isa = PBXBuildFile; fileRef = B600031F234EB7D400589D95 /* Joystick.swift */; };
		B6D1E6EC234D0549002817A4 /* AppDelegate.swift in Sources */ = {isa = PBXBuildFile; fileRef = B6D1E6EB234D0549002817A4 /* AppDelegate.swift */; };
		B6D1E6EE234D0549002817A4 /* GameScene.sks in Resources */ = {isa = PBXBuildFile; fileRef = B6D1E6ED234D0549002817A4 /* GameScene.sks */; };
		B6D1E6F0234D0549002817A4 /* Actions.sks in Resources */ = {isa = PBXBuildFile; fileRef = B6D1E6EF234D0549002817A4 /* Actions.sks */; };
		B6D1E6F2234D0549002817A4 /* GameScene.swift in Sources */ = {isa = PBXBuildFile; fileRef = B6D1E6F1234D0549002817A4 /* GameScene.swift */; };
		B6D1E6F4234D0549002817A4 /* GameViewController.swift in Sources */ = {isa = PBXBuildFile; fileRef = B6D1E6F3234D0549002817A4 /* GameViewController.swift */; };
		B6D1E6F7234D0549002817A4 /* Main.storyboard in Resources */ = {isa = PBXBuildFile; fileRef = B6D1E6F5234D0549002817A4 /* Main.storyboard */; };
		B6D1E6F9234D054B002817A4 /* Assets.xcassets in Resources */ = {isa = PBXBuildFile; fileRef = B6D1E6F8234D054B002817A4 /* Assets.xcassets */; };
		B6D1E6FC234D054B002817A4 /* LaunchScreen.storyboard in Resources */ = {isa = PBXBuildFile; fileRef = B6D1E6FA234D054B002817A4 /* LaunchScreen.storyboard */; };
		B6D1E706234E8F2A002817A4 /* MultipeerManager.swift in Sources */ = {isa = PBXBuildFile; fileRef = B6D1E705234E8F2A002817A4 /* MultipeerManager.swift */; };
		B6D1E708234E8F68002817A4 /* CustomPeerID.swift in Sources */ = {isa = PBXBuildFile; fileRef = B6D1E707234E8F68002817A4 /* CustomPeerID.swift */; };
		B6D1E712234E907E002817A4 /* GameViewControllerMultipeer.swift in Sources */ = {isa = PBXBuildFile; fileRef = B6D1E711234E907E002817A4 /* GameViewControllerMultipeer.swift */; };
		B6D1E715234EB5DE002817A4 /* Service.swift in Sources */ = {isa = PBXBuildFile; fileRef = B6D1E714234EB5DE002817A4 /* Service.swift */; };
/* End PBXBuildFile section */

/* Begin PBXFileReference section */
		B600031F234EB7D400589D95 /* Joystick.swift */ = {isa = PBXFileReference; lastKnownFileType = sourcecode.swift; path = Joystick.swift; sourceTree = "<group>"; };
		B6D1E6E8234D0549002817A4 /* MultipeerMadness.app */ = {isa = PBXFileReference; explicitFileType = wrapper.application; includeInIndex = 0; path = MultipeerMadness.app; sourceTree = BUILT_PRODUCTS_DIR; };
		B6D1E6EB234D0549002817A4 /* AppDelegate.swift */ = {isa = PBXFileReference; lastKnownFileType = sourcecode.swift; path = AppDelegate.swift; sourceTree = "<group>"; };
		B6D1E6ED234D0549002817A4 /* GameScene.sks */ = {isa = PBXFileReference; lastKnownFileType = file.sks; path = GameScene.sks; sourceTree = "<group>"; };
		B6D1E6EF234D0549002817A4 /* Actions.sks */ = {isa = PBXFileReference; lastKnownFileType = file.sks; path = Actions.sks; sourceTree = "<group>"; };
		B6D1E6F1234D0549002817A4 /* GameScene.swift */ = {isa = PBXFileReference; lastKnownFileType = sourcecode.swift; path = GameScene.swift; sourceTree = "<group>"; };
		B6D1E6F3234D0549002817A4 /* GameViewController.swift */ = {isa = PBXFileReference; lastKnownFileType = sourcecode.swift; path = GameViewController.swift; sourceTree = "<group>"; };
		B6D1E6F6234D0549002817A4 /* Base */ = {isa = PBXFileReference; lastKnownFileType = file.storyboard; name = Base; path = Base.lproj/Main.storyboard; sourceTree = "<group>"; };
		B6D1E6F8234D054B002817A4 /* Assets.xcassets */ = {isa = PBXFileReference; lastKnownFileType = folder.assetcatalog; path = Assets.xcassets; sourceTree = "<group>"; };
		B6D1E6FB234D054B002817A4 /* Base */ = {isa = PBXFileReference; lastKnownFileType = file.storyboard; name = Base; path = Base.lproj/LaunchScreen.storyboard; sourceTree = "<group>"; };
		B6D1E6FD234D054B002817A4 /* Info.plist */ = {isa = PBXFileReference; lastKnownFileType = text.plist.xml; path = Info.plist; sourceTree = "<group>"; };
		B6D1E705234E8F2A002817A4 /* MultipeerManager.swift */ = {isa = PBXFileReference; lastKnownFileType = sourcecode.swift; path = MultipeerManager.swift; sourceTree = "<group>"; };
		B6D1E707234E8F68002817A4 /* CustomPeerID.swift */ = {isa = PBXFileReference; lastKnownFileType = sourcecode.swift; path = CustomPeerID.swift; sourceTree = "<group>"; };
		B6D1E711234E907E002817A4 /* GameViewControllerMultipeer.swift */ = {isa = PBXFileReference; lastKnownFileType = sourcecode.swift; path = GameViewControllerMultipeer.swift; sourceTree = "<group>"; };
		B6D1E714234EB5DE002817A4 /* Service.swift */ = {isa = PBXFileReference; lastKnownFileType = sourcecode.swift; path = Service.swift; sourceTree = "<group>"; };
/* End PBXFileReference section */

/* Begin PBXFrameworksBuildPhase section */
		B6D1E6E5234D0549002817A4 /* Frameworks */ = {
			isa = PBXFrameworksBuildPhase;
			buildActionMask = 2147483647;
			files = (
			);
			runOnlyForDeploymentPostprocessing = 0;
		};
/* End PBXFrameworksBuildPhase section */

/* Begin PBXGroup section */
		B600031E234EB7C000589D95 /* UI */ = {
			isa = PBXGroup;
			children = (
				B600031F234EB7D400589D95 /* Joystick.swift */,
			);
			path = UI;
			sourceTree = "<group>";
		};
		B6D1E6DF234D0549002817A4 = {
			isa = PBXGroup;
			children = (
				B6D1E6EA234D0549002817A4 /* MultipeerMadness */,
				B6D1E6E9234D0549002817A4 /* Products */,
			);
			sourceTree = "<group>";
		};
		B6D1E6E9234D0549002817A4 /* Products */ = {
			isa = PBXGroup;
			children = (
				B6D1E6E8234D0549002817A4 /* MultipeerMadness.app */,
			);
			name = Products;
			sourceTree = "<group>";
		};
		B6D1E6EA234D0549002817A4 /* MultipeerMadness */ = {
			isa = PBXGroup;
			children = (
				B600031E234EB7C000589D95 /* UI */,
				B6D1E713234EB5CF002817A4 /* Enum */,
				B6D1E70F234E8F9C002817A4 /* Connection */,
				B6D1E70E234E8F93002817A4 /* Model */,
				B6D1E70D234E8F8A002817A4 /* View */,
				B6D1E70C234E8F83002817A4 /* Actions */,
				B6D1E70A234E8F73002817A4 /* Scenes */,
				B6D1E709234E8F6B002817A4 /* Controller */,
				B6D1E6EB234D0549002817A4 /* AppDelegate.swift */,
				B6D1E6F8234D054B002817A4 /* Assets.xcassets */,
				B6D1E6FD234D054B002817A4 /* Info.plist */,
			);
			path = MultipeerMadness;
			sourceTree = "<group>";
		};
		B6D1E709234E8F6B002817A4 /* Controller */ = {
			isa = PBXGroup;
			children = (
				B6D1E710234E9038002817A4 /* GameViewController */,
			);
			path = Controller;
			sourceTree = "<group>";
		};
		B6D1E70A234E8F73002817A4 /* Scenes */ = {
			isa = PBXGroup;
			children = (
				B6D1E70B234E8F7A002817A4 /* GameScene */,
			);
			path = Scenes;
			sourceTree = "<group>";
		};
		B6D1E70B234E8F7A002817A4 /* GameScene */ = {
			isa = PBXGroup;
			children = (
				B6D1E6ED234D0549002817A4 /* GameScene.sks */,
				B6D1E6F1234D0549002817A4 /* GameScene.swift */,
			);
			path = GameScene;
			sourceTree = "<group>";
		};
		B6D1E70C234E8F83002817A4 /* Actions */ = {
			isa = PBXGroup;
			children = (
				B6D1E6EF234D0549002817A4 /* Actions.sks */,
			);
			path = Actions;
			sourceTree = "<group>";
		};
		B6D1E70D234E8F8A002817A4 /* View */ = {
			isa = PBXGroup;
			children = (
				B6D1E6FA234D054B002817A4 /* LaunchScreen.storyboard */,
				B6D1E6F5234D0549002817A4 /* Main.storyboard */,
			);
			path = View;
			sourceTree = "<group>";
		};
		B6D1E70E234E8F93002817A4 /* Model */ = {
			isa = PBXGroup;
			children = (
				B6D1E707234E8F68002817A4 /* CustomPeerID.swift */,
			);
			path = Model;
			sourceTree = "<group>";
		};
		B6D1E70F234E8F9C002817A4 /* Connection */ = {
			isa = PBXGroup;
			children = (
				B6D1E705234E8F2A002817A4 /* MultipeerManager.swift */,
			);
			path = Connection;
			sourceTree = "<group>";
		};
		B6D1E710234E9038002817A4 /* GameViewController */ = {
			isa = PBXGroup;
			children = (
				B6D1E6F3234D0549002817A4 /* GameViewController.swift */,
				B6D1E711234E907E002817A4 /* GameViewControllerMultipeer.swift */,
			);
			path = GameViewController;
			sourceTree = "<group>";
		};
		B6D1E713234EB5CF002817A4 /* Enum */ = {
			isa = PBXGroup;
			children = (
				B6D1E714234EB5DE002817A4 /* Service.swift */,
			);
			path = Enum;
			sourceTree = "<group>";
		};
/* End PBXGroup section */

/* Begin PBXNativeTarget section */
		B6D1E6E7234D0549002817A4 /* MultipeerMadness */ = {
			isa = PBXNativeTarget;
			buildConfigurationList = B6D1E700234D054B002817A4 /* Build configuration list for PBXNativeTarget "MultipeerMadness" */;
			buildPhases = (
				B6D1E6E4234D0549002817A4 /* Sources */,
				B6D1E6E5234D0549002817A4 /* Frameworks */,
				B6D1E6E6234D0549002817A4 /* Resources */,
			);
			buildRules = (
			);
			dependencies = (
			);
			name = MultipeerMadness;
			productName = MultipeerMadness;
			productReference = B6D1E6E8234D0549002817A4 /* MultipeerMadness.app */;
			productType = "com.apple.product-type.application";
		};
/* End PBXNativeTarget section */

/* Begin PBXProject section */
		B6D1E6E0234D0549002817A4 /* Project object */ = {
			isa = PBXProject;
			attributes = {
				LastSwiftUpdateCheck = 1100;
				LastUpgradeCheck = 1100;
				ORGANIZATIONNAME = "{lfn}";
				TargetAttributes = {
					B6D1E6E7234D0549002817A4 = {
						CreatedOnToolsVersion = 11.0;
					};
				};
			};
			buildConfigurationList = B6D1E6E3234D0549002817A4 /* Build configuration list for PBXProject "MultipeerMadness" */;
			compatibilityVersion = "Xcode 9.3";
			developmentRegion = en;
			hasScannedForEncodings = 0;
			knownRegions = (
				en,
				Base,
			);
			mainGroup = B6D1E6DF234D0549002817A4;
			productRefGroup = B6D1E6E9234D0549002817A4 /* Products */;
			projectDirPath = "";
			projectRoot = "";
			targets = (
				B6D1E6E7234D0549002817A4 /* MultipeerMadness */,
			);
		};
/* End PBXProject section */

/* Begin PBXResourcesBuildPhase section */
		B6D1E6E6234D0549002817A4 /* Resources */ = {
			isa = PBXResourcesBuildPhase;
			buildActionMask = 2147483647;
			files = (
				B6D1E6F7234D0549002817A4 /* Main.storyboard in Resources */,
				B6D1E6EE234D0549002817A4 /* GameScene.sks in Resources */,
				B6D1E6F9234D054B002817A4 /* Assets.xcassets in Resources */,
				B6D1E6FC234D054B002817A4 /* LaunchScreen.storyboard in Resources */,
				B6D1E6F0234D0549002817A4 /* Actions.sks in Resources */,
			);
			runOnlyForDeploymentPostprocessing = 0;
		};
/* End PBXResourcesBuildPhase section */

/* Begin PBXSourcesBuildPhase section */
		B6D1E6E4234D0549002817A4 /* Sources */ = {
			isa = PBXSourcesBuildPhase;
			buildActionMask = 2147483647;
			files = (
				B6D1E6F2234D0549002817A4 /* GameScene.swift in Sources */,
				B6000320234EB7D400589D95 /* Joystick.swift in Sources */,
				B6D1E715234EB5DE002817A4 /* Service.swift in Sources */,
				B6D1E6F4234D0549002817A4 /* GameViewController.swift in Sources */,
				B6D1E6EC234D0549002817A4 /* AppDelegate.swift in Sources */,
				B6D1E708234E8F68002817A4 /* CustomPeerID.swift in Sources */,
				B6D1E712234E907E002817A4 /* GameViewControllerMultipeer.swift in Sources */,
				B6D1E706234E8F2A002817A4 /* MultipeerManager.swift in Sources */,
			);
			runOnlyForDeploymentPostprocessing = 0;
		};
/* End PBXSourcesBuildPhase section */

/* Begin PBXVariantGroup section */
		B6D1E6F5234D0549002817A4 /* Main.storyboard */ = {
			isa = PBXVariantGroup;
			children = (
				B6D1E6F6234D0549002817A4 /* Base */,
			);
			name = Main.storyboard;
			sourceTree = "<group>";
		};
		B6D1E6FA234D054B002817A4 /* LaunchScreen.storyboard */ = {
			isa = PBXVariantGroup;
			children = (
				B6D1E6FB234D054B002817A4 /* Base */,
			);
			name = LaunchScreen.storyboard;
			sourceTree = "<group>";
		};
/* End PBXVariantGroup section */

/* Begin XCBuildConfiguration section */
		B6D1E6FE234D054B002817A4 /* Debug */ = {
			isa = XCBuildConfiguration;
			buildSettings = {
				ALWAYS_SEARCH_USER_PATHS = NO;
				CLANG_ANALYZER_NONNULL = YES;
				CLANG_ANALYZER_NUMBER_OBJECT_CONVERSION = YES_AGGRESSIVE;
				CLANG_CXX_LANGUAGE_STANDARD = "gnu++14";
				CLANG_CXX_LIBRARY = "libc++";
				CLANG_ENABLE_MODULES = YES;
				CLANG_ENABLE_OBJC_ARC = YES;
				CLANG_ENABLE_OBJC_WEAK = YES;
				CLANG_WARN_BLOCK_CAPTURE_AUTORELEASING = YES;
				CLANG_WARN_BOOL_CONVERSION = YES;
				CLANG_WARN_COMMA = YES;
				CLANG_WARN_CONSTANT_CONVERSION = YES;
				CLANG_WARN_DEPRECATED_OBJC_IMPLEMENTATIONS = YES;
				CLANG_WARN_DIRECT_OBJC_ISA_USAGE = YES_ERROR;
				CLANG_WARN_DOCUMENTATION_COMMENTS = YES;
				CLANG_WARN_EMPTY_BODY = YES;
				CLANG_WARN_ENUM_CONVERSION = YES;
				CLANG_WARN_INFINITE_RECURSION = YES;
				CLANG_WARN_INT_CONVERSION = YES;
				CLANG_WARN_NON_LITERAL_NULL_CONVERSION = YES;
				CLANG_WARN_OBJC_IMPLICIT_RETAIN_SELF = YES;
				CLANG_WARN_OBJC_LITERAL_CONVERSION = YES;
				CLANG_WARN_OBJC_ROOT_CLASS = YES_ERROR;
				CLANG_WARN_RANGE_LOOP_ANALYSIS = YES;
				CLANG_WARN_STRICT_PROTOTYPES = YES;
				CLANG_WARN_SUSPICIOUS_MOVE = YES;
				CLANG_WARN_UNGUARDED_AVAILABILITY = YES_AGGRESSIVE;
				CLANG_WARN_UNREACHABLE_CODE = YES;
				CLANG_WARN__DUPLICATE_METHOD_MATCH = YES;
				COPY_PHASE_STRIP = NO;
				DEBUG_INFORMATION_FORMAT = dwarf;
				ENABLE_STRICT_OBJC_MSGSEND = YES;
				ENABLE_TESTABILITY = YES;
				GCC_C_LANGUAGE_STANDARD = gnu11;
				GCC_DYNAMIC_NO_PIC = NO;
				GCC_NO_COMMON_BLOCKS = YES;
				GCC_OPTIMIZATION_LEVEL = 0;
				GCC_PREPROCESSOR_DEFINITIONS = (
					"DEBUG=1",
					"$(inherited)",
				);
				GCC_WARN_64_TO_32_BIT_CONVERSION = YES;
				GCC_WARN_ABOUT_RETURN_TYPE = YES_ERROR;
				GCC_WARN_UNDECLARED_SELECTOR = YES;
				GCC_WARN_UNINITIALIZED_AUTOS = YES_AGGRESSIVE;
				GCC_WARN_UNUSED_FUNCTION = YES;
				GCC_WARN_UNUSED_VARIABLE = YES;
				IPHONEOS_DEPLOYMENT_TARGET = 13.0;
				MTL_ENABLE_DEBUG_INFO = INCLUDE_SOURCE;
				MTL_FAST_MATH = YES;
				ONLY_ACTIVE_ARCH = YES;
				SDKROOT = iphoneos;
				SWIFT_ACTIVE_COMPILATION_CONDITIONS = DEBUG;
				SWIFT_OPTIMIZATION_LEVEL = "-Onone";
			};
			name = Debug;
		};
		B6D1E6FF234D054B002817A4 /* Release */ = {
			isa = XCBuildConfiguration;
			buildSettings = {
				ALWAYS_SEARCH_USER_PATHS = NO;
				CLANG_ANALYZER_NONNULL = YES;
				CLANG_ANALYZER_NUMBER_OBJECT_CONVERSION = YES_AGGRESSIVE;
				CLANG_CXX_LANGUAGE_STANDARD = "gnu++14";
				CLANG_CXX_LIBRARY = "libc++";
				CLANG_ENABLE_MODULES = YES;
				CLANG_ENABLE_OBJC_ARC = YES;
				CLANG_ENABLE_OBJC_WEAK = YES;
				CLANG_WARN_BLOCK_CAPTURE_AUTORELEASING = YES;
				CLANG_WARN_BOOL_CONVERSION = YES;
				CLANG_WARN_COMMA = YES;
				CLANG_WARN_CONSTANT_CONVERSION = YES;
				CLANG_WARN_DEPRECATED_OBJC_IMPLEMENTATIONS = YES;
				CLANG_WARN_DIRECT_OBJC_ISA_USAGE = YES_ERROR;
				CLANG_WARN_DOCUMENTATION_COMMENTS = YES;
				CLANG_WARN_EMPTY_BODY = YES;
				CLANG_WARN_ENUM_CONVERSION = YES;
				CLANG_WARN_INFINITE_RECURSION = YES;
				CLANG_WARN_INT_CONVERSION = YES;
				CLANG_WARN_NON_LITERAL_NULL_CONVERSION = YES;
				CLANG_WARN_OBJC_IMPLICIT_RETAIN_SELF = YES;
				CLANG_WARN_OBJC_LITERAL_CONVERSION = YES;
				CLANG_WARN_OBJC_ROOT_CLASS = YES_ERROR;
				CLANG_WARN_RANGE_LOOP_ANALYSIS = YES;
				CLANG_WARN_STRICT_PROTOTYPES = YES;
				CLANG_WARN_SUSPICIOUS_MOVE = YES;
				CLANG_WARN_UNGUARDED_AVAILABILITY = YES_AGGRESSIVE;
				CLANG_WARN_UNREACHABLE_CODE = YES;
				CLANG_WARN__DUPLICATE_METHOD_MATCH = YES;
				COPY_PHASE_STRIP = NO;
				DEBUG_INFORMATION_FORMAT = "dwarf-with-dsym";
				ENABLE_NS_ASSERTIONS = NO;
				ENABLE_STRICT_OBJC_MSGSEND = YES;
				GCC_C_LANGUAGE_STANDARD = gnu11;
				GCC_NO_COMMON_BLOCKS = YES;
				GCC_WARN_64_TO_32_BIT_CONVERSION = YES;
				GCC_WARN_ABOUT_RETURN_TYPE = YES_ERROR;
				GCC_WARN_UNDECLARED_SELECTOR = YES;
				GCC_WARN_UNINITIALIZED_AUTOS = YES_AGGRESSIVE;
				GCC_WARN_UNUSED_FUNCTION = YES;
				GCC_WARN_UNUSED_VARIABLE = YES;
				IPHONEOS_DEPLOYMENT_TARGET = 13.0;
				MTL_ENABLE_DEBUG_INFO = NO;
				MTL_FAST_MATH = YES;
				SDKROOT = iphoneos;
				SWIFT_COMPILATION_MODE = wholemodule;
				SWIFT_OPTIMIZATION_LEVEL = "-O";
				VALIDATE_PRODUCT = YES;
			};
			name = Release;
		};
		B6D1E701234D054B002817A4 /* Debug */ = {
			isa = XCBuildConfiguration;
			buildSettings = {
				ASSETCATALOG_COMPILER_APPICON_NAME = AppIcon;
				CODE_SIGN_IDENTITY = "Apple Development";
				CODE_SIGN_STYLE = Automatic;
				DEVELOPMENT_TEAM = CTAFH43K36;
				INFOPLIST_FILE = MultipeerMadness/Info.plist;
				IPHONEOS_DEPLOYMENT_TARGET = 12.0;
				LD_RUNPATH_SEARCH_PATHS = (
					"$(inherited)",
					"@executable_path/Frameworks",
				);
				PRODUCT_BUNDLE_IDENTIFIER = com.lucasfn.MultipeerMadness;
				PRODUCT_NAME = "$(TARGET_NAME)";
				PROVISIONING_PROFILE_SPECIFIER = "";
				SWIFT_VERSION = 5.0;
				TARGETED_DEVICE_FAMILY = "1,2";
			};
			name = Debug;
		};
		B6D1E702234D054B002817A4 /* Release */ = {
			isa = XCBuildConfiguration;
			buildSettings = {
				ASSETCATALOG_COMPILER_APPICON_NAME = AppIcon;
				CODE_SIGN_IDENTITY = "Apple Development";
				CODE_SIGN_STYLE = Automatic;
				DEVELOPMENT_TEAM = CTAFH43K36;
				INFOPLIST_FILE = MultipeerMadness/Info.plist;
				IPHONEOS_DEPLOYMENT_TARGET = 12.0;
				LD_RUNPATH_SEARCH_PATHS = (
					"$(inherited)",
					"@executable_path/Frameworks",
				);
				PRODUCT_BUNDLE_IDENTIFIER = com.lucasfn.MultipeerMadness;
				PRODUCT_NAME = "$(TARGET_NAME)";
				PROVISIONING_PROFILE_SPECIFIER = "";
				SWIFT_VERSION = 5.0;
				TARGETED_DEVICE_FAMILY = "1,2";
			};
			name = Release;
		};
/* End XCBuildConfiguration section */

/* Begin XCConfigurationList section */
		B6D1E6E3234D0549002817A4 /* Build configuration list for PBXProject "MultipeerMadness" */ = {
			isa = XCConfigurationList;
			buildConfigurations = (
				B6D1E6FE234D054B002817A4 /* Debug */,
				B6D1E6FF234D054B002817A4 /* Release */,
			);
			defaultConfigurationIsVisible = 0;
			defaultConfigurationName = Release;
		};
		B6D1E700234D054B002817A4 /* Build configuration list for PBXNativeTarget "MultipeerMadness" */ = {
			isa = XCConfigurationList;
			buildConfigurations = (
				B6D1E701234D054B002817A4 /* Debug */,
				B6D1E702234D054B002817A4 /* Release */,
			);
			defaultConfigurationIsVisible = 0;
			defaultConfigurationName = Release;
		};
/* End XCConfigurationList section */
	};
	rootObject = B6D1E6E0234D0549002817A4 /* Project object */;
}
