// !$*UTF8*$!
{
	archiveVersion = 1;
	classes = {
	};
	objectVersion = 50;
	objects = {

/* Begin PBXBuildFile section */
		82E338A5234FADBF00E8D234 /* ServiceManager.swift in Sources */ = {isa = PBXBuildFile; fileRef = 82E338A4234FADBF00E8D234 /* ServiceManager.swift */; };
		82E338A7234FD63100E8D234 /* MenuViewController.swift in Sources */ = {isa = PBXBuildFile; fileRef = 82E338A6234FD63100E8D234 /* MenuViewController.swift */; };
		B6000320234EB7D400589D95 /* Joystick.swift in Sources */ = {isa = PBXBuildFile; fileRef = B600031F234EB7D400589D95 /* Joystick.swift */; };
		B617ECE0235F6B8800136391 /* UIFactory.swift in Sources */ = {isa = PBXBuildFile; fileRef = B617ECDF235F6B8800136391 /* UIFactory.swift */; };
		B617ECE3235F9CD700136391 /* CustomNode.swift in Sources */ = {isa = PBXBuildFile; fileRef = B617ECE2235F9CD700136391 /* CustomNode.swift */; };
		B628925F235642AB00BF4D7F /* Controls.swift in Sources */ = {isa = PBXBuildFile; fileRef = B628925E235642AB00BF4D7F /* Controls.swift */; };
		B6289264235769BE00BF4D7F /* Shooter.swift in Sources */ = {isa = PBXBuildFile; fileRef = B6289263235769BE00BF4D7F /* Shooter.swift */; };
		B628926723576A6800BF4D7F /* Gun.swift in Sources */ = {isa = PBXBuildFile; fileRef = B628926623576A6800BF4D7F /* Gun.swift */; };
		B628926923576ADD00BF4D7F /* SpriteComponent.swift in Sources */ = {isa = PBXBuildFile; fileRef = B628926823576ADD00BF4D7F /* SpriteComponent.swift */; };
		B634765F2351A5C700C275AC /* Helpers.swift in Sources */ = {isa = PBXBuildFile; fileRef = B634765E2351A5C700C275AC /* Helpers.swift */; };
		B6506CD02360CFBE00F8940F /* GameOverViewController.swift in Sources */ = {isa = PBXBuildFile; fileRef = B6506CCF2360CFBE00F8940F /* GameOverViewController.swift */; };
		B65FB88323576C5C00741673 /* EntityManager.swift in Sources */ = {isa = PBXBuildFile; fileRef = B65FB88223576C5C00741673 /* EntityManager.swift */; };
		B65FB885235817E200741673 /* Image.swift in Sources */ = {isa = PBXBuildFile; fileRef = B65FB884235817E200741673 /* Image.swift */; };
		B65FB8872358184F00741673 /* Bullet.swift in Sources */ = {isa = PBXBuildFile; fileRef = B65FB8862358184F00741673 /* Bullet.swift */; };
		B65FB88A2358187200741673 /* PlayerFactory.swift in Sources */ = {isa = PBXBuildFile; fileRef = B65FB8892358187200741673 /* PlayerFactory.swift */; };
		B65FB88C2358188400741673 /* Player.swift in Sources */ = {isa = PBXBuildFile; fileRef = B65FB88B2358188400741673 /* Player.swift */; };
		B65FB8912358D68000741673 /* VelocityComponent.swift in Sources */ = {isa = PBXBuildFile; fileRef = B65FB8902358D68000741673 /* VelocityComponent.swift */; };
		B65FB8A22359357900741673 /* CustomMap.swift in Sources */ = {isa = PBXBuildFile; fileRef = B65FB89D2359357900741673 /* CustomMap.swift */; };
		B65FB8A32359357900741673 /* Map.swift in Sources */ = {isa = PBXBuildFile; fileRef = B65FB89E2359357900741673 /* Map.swift */; };
		B65FB8A42359357900741673 /* Map.sks in Resources */ = {isa = PBXBuildFile; fileRef = B65FB89F2359357900741673 /* Map.sks */; };
		B65FB8A52359357900741673 /* MapHandler.swift in Sources */ = {isa = PBXBuildFile; fileRef = B65FB8A02359357900741673 /* MapHandler.swift */; };
		B65FB8A62359357900741673 /* map.json in Resources */ = {isa = PBXBuildFile; fileRef = B65FB8A12359357900741673 /* map.json */; };
		B6A22287235E299A00AD4FCE /* GameSceneContactDelegate.swift in Sources */ = {isa = PBXBuildFile; fileRef = B6A22286235E299A00AD4FCE /* GameSceneContactDelegate.swift */; };
		B6D1E6EC234D0549002817A4 /* AppDelegate.swift in Sources */ = {isa = PBXBuildFile; fileRef = B6D1E6EB234D0549002817A4 /* AppDelegate.swift */; };
		B6D1E6EE234D0549002817A4 /* GameScene.sks in Resources */ = {isa = PBXBuildFile; fileRef = B6D1E6ED234D0549002817A4 /* GameScene.sks */; };
		B6D1E6F0234D0549002817A4 /* Actions.sks in Resources */ = {isa = PBXBuildFile; fileRef = B6D1E6EF234D0549002817A4 /* Actions.sks */; };
		B6D1E6F2234D0549002817A4 /* GameScene.swift in Sources */ = {isa = PBXBuildFile; fileRef = B6D1E6F1234D0549002817A4 /* GameScene.swift */; };
		B6D1E6F4234D0549002817A4 /* GameViewController.swift in Sources */ = {isa = PBXBuildFile; fileRef = B6D1E6F3234D0549002817A4 /* GameViewController.swift */; };
		B6D1E6F7234D0549002817A4 /* Main.storyboard in Resources */ = {isa = PBXBuildFile; fileRef = B6D1E6F5234D0549002817A4 /* Main.storyboard */; };
		B6D1E6F9234D054B002817A4 /* Assets.xcassets in Resources */ = {isa = PBXBuildFile; fileRef = B6D1E6F8234D054B002817A4 /* Assets.xcassets */; };
		B6D1E6FC234D054B002817A4 /* LaunchScreen.storyboard in Resources */ = {isa = PBXBuildFile; fileRef = B6D1E6FA234D054B002817A4 /* LaunchScreen.storyboard */; };
		B6D1E708234E8F68002817A4 /* CustomPeerID.swift in Sources */ = {isa = PBXBuildFile; fileRef = B6D1E707234E8F68002817A4 /* CustomPeerID.swift */; };
		B6EE611B235FBD9400F4BE09 /* GameSceneDelegate.swift in Sources */ = {isa = PBXBuildFile; fileRef = B6EE611A235FBD9400F4BE09 /* GameSceneDelegate.swift */; };
/* End PBXBuildFile section */

/* Begin PBXFileReference section */
		82E338A4234FADBF00E8D234 /* ServiceManager.swift */ = {isa = PBXFileReference; lastKnownFileType = sourcecode.swift; path = ServiceManager.swift; sourceTree = "<group>"; };
		82E338A6234FD63100E8D234 /* MenuViewController.swift */ = {isa = PBXFileReference; lastKnownFileType = sourcecode.swift; path = MenuViewController.swift; sourceTree = "<group>"; };
		B600031F234EB7D400589D95 /* Joystick.swift */ = {isa = PBXFileReference; lastKnownFileType = sourcecode.swift; path = Joystick.swift; sourceTree = "<group>"; };
		B617ECDF235F6B8800136391 /* UIFactory.swift */ = {isa = PBXFileReference; lastKnownFileType = sourcecode.swift; path = UIFactory.swift; sourceTree = "<group>"; };
		B617ECE2235F9CD700136391 /* CustomNode.swift */ = {isa = PBXFileReference; lastKnownFileType = sourcecode.swift; path = CustomNode.swift; sourceTree = "<group>"; };
		B628925E235642AB00BF4D7F /* Controls.swift */ = {isa = PBXFileReference; lastKnownFileType = sourcecode.swift; path = Controls.swift; sourceTree = "<group>"; };
		B6289263235769BE00BF4D7F /* Shooter.swift */ = {isa = PBXFileReference; lastKnownFileType = sourcecode.swift; path = Shooter.swift; sourceTree = "<group>"; };
		B628926623576A6800BF4D7F /* Gun.swift */ = {isa = PBXFileReference; lastKnownFileType = sourcecode.swift; path = Gun.swift; sourceTree = "<group>"; };
		B628926823576ADD00BF4D7F /* SpriteComponent.swift */ = {isa = PBXFileReference; lastKnownFileType = sourcecode.swift; path = SpriteComponent.swift; sourceTree = "<group>"; };
		B634765E2351A5C700C275AC /* Helpers.swift */ = {isa = PBXFileReference; lastKnownFileType = sourcecode.swift; path = Helpers.swift; sourceTree = "<group>"; };
		B6506CCF2360CFBE00F8940F /* GameOverViewController.swift */ = {isa = PBXFileReference; lastKnownFileType = sourcecode.swift; path = GameOverViewController.swift; sourceTree = "<group>"; };
		B65FB88223576C5C00741673 /* EntityManager.swift */ = {isa = PBXFileReference; lastKnownFileType = sourcecode.swift; path = EntityManager.swift; sourceTree = "<group>"; };
		B65FB884235817E200741673 /* Image.swift */ = {isa = PBXFileReference; lastKnownFileType = sourcecode.swift; path = Image.swift; sourceTree = "<group>"; };
		B65FB8862358184F00741673 /* Bullet.swift */ = {isa = PBXFileReference; lastKnownFileType = sourcecode.swift; path = Bullet.swift; sourceTree = "<group>"; };
		B65FB8892358187200741673 /* PlayerFactory.swift */ = {isa = PBXFileReference; lastKnownFileType = sourcecode.swift; path = PlayerFactory.swift; sourceTree = "<group>"; };
		B65FB88B2358188400741673 /* Player.swift */ = {isa = PBXFileReference; lastKnownFileType = sourcecode.swift; path = Player.swift; sourceTree = "<group>"; };
		B65FB8902358D68000741673 /* VelocityComponent.swift */ = {isa = PBXFileReference; lastKnownFileType = sourcecode.swift; path = VelocityComponent.swift; sourceTree = "<group>"; };
		B65FB89D2359357900741673 /* CustomMap.swift */ = {isa = PBXFileReference; fileEncoding = 4; lastKnownFileType = sourcecode.swift; path = CustomMap.swift; sourceTree = "<group>"; };
		B65FB89E2359357900741673 /* Map.swift */ = {isa = PBXFileReference; fileEncoding = 4; lastKnownFileType = sourcecode.swift; path = Map.swift; sourceTree = "<group>"; };
		B65FB89F2359357900741673 /* Map.sks */ = {isa = PBXFileReference; lastKnownFileType = file.sks; path = Map.sks; sourceTree = "<group>"; };
		B65FB8A02359357900741673 /* MapHandler.swift */ = {isa = PBXFileReference; fileEncoding = 4; lastKnownFileType = sourcecode.swift; path = MapHandler.swift; sourceTree = "<group>"; };
		B65FB8A12359357900741673 /* map.json */ = {isa = PBXFileReference; fileEncoding = 4; lastKnownFileType = text.json; path = map.json; sourceTree = "<group>"; };
		B6A22286235E299A00AD4FCE /* GameSceneContactDelegate.swift */ = {isa = PBXFileReference; lastKnownFileType = sourcecode.swift; path = GameSceneContactDelegate.swift; sourceTree = "<group>"; };
		B6D1E6E8234D0549002817A4 /* MultipeerMadness.app */ = {isa = PBXFileReference; explicitFileType = wrapper.application; includeInIndex = 0; path = MultipeerMadness.app; sourceTree = BUILT_PRODUCTS_DIR; };
		B6D1E6EB234D0549002817A4 /* AppDelegate.swift */ = {isa = PBXFileReference; lastKnownFileType = sourcecode.swift; path = AppDelegate.swift; sourceTree = "<group>"; };
		B6D1E6ED234D0549002817A4 /* GameScene.sks */ = {isa = PBXFileReference; lastKnownFileType = file.sks; path = GameScene.sks; sourceTree = "<group>"; };
		B6D1E6EF234D0549002817A4 /* Actions.sks */ = {isa = PBXFileReference; lastKnownFileType = file.sks; path = Actions.sks; sourceTree = "<group>"; };
		B6D1E6F1234D0549002817A4 /* GameScene.swift */ = {isa = PBXFileReference; lastKnownFileType = sourcecode.swift; path = GameScene.swift; sourceTree = "<group>"; };
		B6D1E6F3234D0549002817A4 /* GameViewController.swift */ = {isa = PBXFileReference; lastKnownFileType = sourcecode.swift; path = GameViewController.swift; sourceTree = "<group>"; };
		B6D1E6F6234D0549002817A4 /* Base */ = {isa = PBXFileReference; lastKnownFileType = file.storyboard; name = Base; path = Base.lproj/Main.storyboard; sourceTree = "<group>"; };
		B6D1E6F8234D054B002817A4 /* Assets.xcassets */ = {isa = PBXFileReference; lastKnownFileType = folder.assetcatalog; path = Assets.xcassets; sourceTree = "<group>"; };
		B6D1E6FB234D054B002817A4 /* Base */ = {isa = PBXFileReference; lastKnownFileType = file.storyboard; name = Base; path = Base.lproj/LaunchScreen.storyboard; sourceTree = "<group>"; };
		B6D1E6FD234D054B002817A4 /* Info.plist */ = {isa = PBXFileReference; lastKnownFileType = text.plist.xml; path = Info.plist; sourceTree = "<group>"; };
		B6D1E707234E8F68002817A4 /* CustomPeerID.swift */ = {isa = PBXFileReference; lastKnownFileType = sourcecode.swift; path = CustomPeerID.swift; sourceTree = "<group>"; };
		B6EE611A235FBD9400F4BE09 /* GameSceneDelegate.swift */ = {isa = PBXFileReference; lastKnownFileType = sourcecode.swift; path = GameSceneDelegate.swift; sourceTree = "<group>"; };
/* End PBXFileReference section */

/* Begin PBXFrameworksBuildPhase section */
		B6D1E6E5234D0549002817A4 /* Frameworks */ = {
			isa = PBXFrameworksBuildPhase;
			buildActionMask = 2147483647;
			files = (
			);
			runOnlyForDeploymentPostprocessing = 0;
		};
/* End PBXFrameworksBuildPhase section */

/* Begin PBXGroup section */
		B600031E234EB7C000589D95 /* UI */ = {
			isa = PBXGroup;
			children = (
				B600031F234EB7D400589D95 /* Joystick.swift */,
				B617ECDF235F6B8800136391 /* UIFactory.swift */,
			);
			path = UI;
			sourceTree = "<group>";
		};
		B617ECE1235F9CC700136391 /* Custom SK */ = {
			isa = PBXGroup;
			children = (
				B617ECE2235F9CD700136391 /* CustomNode.swift */,
			);
			path = "Custom SK";
			sourceTree = "<group>";
		};
		B6289262235769AB00BF4D7F /* Protocols */ = {
			isa = PBXGroup;
			children = (
				B6289263235769BE00BF4D7F /* Shooter.swift */,
			);
			path = Protocols;
			sourceTree = "<group>";
		};
		B634765D2351A5BC00C275AC /* Helpers */ = {
			isa = PBXGroup;
			children = (
				B634765E2351A5C700C275AC /* Helpers.swift */,
				B628925E235642AB00BF4D7F /* Controls.swift */,
				B65FB88223576C5C00741673 /* EntityManager.swift */,
			);
			path = Helpers;
			sourceTree = "<group>";
		};
		B65FB88023576C4000741673 /* Entities */ = {
			isa = PBXGroup;
			children = (
				B628926623576A6800BF4D7F /* Gun.swift */,
				B65FB8862358184F00741673 /* Bullet.swift */,
				B65FB88B2358188400741673 /* Player.swift */,
			);
			path = Entities;
			sourceTree = "<group>";
		};
		B65FB88123576C4500741673 /* Components */ = {
			isa = PBXGroup;
			children = (
				B628926823576ADD00BF4D7F /* SpriteComponent.swift */,
				B65FB8902358D68000741673 /* VelocityComponent.swift */,
			);
			path = Components;
			sourceTree = "<group>";
		};
		B65FB8882358186600741673 /* Factory */ = {
			isa = PBXGroup;
			children = (
				B65FB8892358187200741673 /* PlayerFactory.swift */,
			);
			path = Factory;
			sourceTree = "<group>";
		};
		B65FB89423592E3D00741673 /* Map */ = {
			isa = PBXGroup;
			children = (
				B65FB89D2359357900741673 /* CustomMap.swift */,
				B65FB8A12359357900741673 /* map.json */,
				B65FB89F2359357900741673 /* Map.sks */,
				B65FB89E2359357900741673 /* Map.swift */,
				B65FB8A02359357900741673 /* MapHandler.swift */,
			);
			path = Map;
			sourceTree = "<group>";
		};
		B6A22285235E298700AD4FCE /* Contact */ = {
			isa = PBXGroup;
			children = (
				B6A22286235E299A00AD4FCE /* GameSceneContactDelegate.swift */,
			);
			path = Contact;
			sourceTree = "<group>";
		};
		B6D1E6DF234D0549002817A4 = {
			isa = PBXGroup;
			children = (
				B6D1E6EA234D0549002817A4 /* MultipeerMadness */,
				B6D1E6E9234D0549002817A4 /* Products */,
			);
			sourceTree = "<group>";
		};
		B6D1E6E9234D0549002817A4 /* Products */ = {
			isa = PBXGroup;
			children = (
				B6D1E6E8234D0549002817A4 /* MultipeerMadness.app */,
			);
			name = Products;
			sourceTree = "<group>";
		};
		B6D1E6EA234D0549002817A4 /* MultipeerMadness */ = {
			isa = PBXGroup;
			children = (
				B6EE6119235FBD7F00F4BE09 /* Delegates */,
				B617ECE1235F9CC700136391 /* Custom SK */,
				B6A22285235E298700AD4FCE /* Contact */,
				B65FB89423592E3D00741673 /* Map */,
				B65FB8882358186600741673 /* Factory */,
				B65FB88123576C4500741673 /* Components */,
				B65FB88023576C4000741673 /* Entities */,
				B6289262235769AB00BF4D7F /* Protocols */,
				B634765D2351A5BC00C275AC /* Helpers */,
				B600031E234EB7C000589D95 /* UI */,
				B6D1E713234EB5CF002817A4 /* Enum */,
				B6D1E70F234E8F9C002817A4 /* Connection */,
				B6D1E70E234E8F93002817A4 /* Model */,
				B6D1E70D234E8F8A002817A4 /* View */,
				B6D1E70C234E8F83002817A4 /* Actions */,
				B6D1E70A234E8F73002817A4 /* Scenes */,
				B6D1E709234E8F6B002817A4 /* Controller */,
				B6D1E6EB234D0549002817A4 /* AppDelegate.swift */,
				B6D1E6F8234D054B002817A4 /* Assets.xcassets */,
				B6D1E6FD234D054B002817A4 /* Info.plist */,
			);
			path = MultipeerMadness;
			sourceTree = "<group>";
		};
		B6D1E709234E8F6B002817A4 /* Controller */ = {
			isa = PBXGroup;
			children = (
				B6D1E6F3234D0549002817A4 /* GameViewController.swift */,
				82E338A6234FD63100E8D234 /* MenuViewController.swift */,
				B6506CCF2360CFBE00F8940F /* GameOverViewController.swift */,
			);
			path = Controller;
			sourceTree = "<group>";
		};
		B6D1E70A234E8F73002817A4 /* Scenes */ = {
			isa = PBXGroup;
			children = (
				B6D1E70B234E8F7A002817A4 /* GameScene */,
			);
			path = Scenes;
			sourceTree = "<group>";
		};
		B6D1E70B234E8F7A002817A4 /* GameScene */ = {
			isa = PBXGroup;
			children = (
				B6D1E6ED234D0549002817A4 /* GameScene.sks */,
				B6D1E6F1234D0549002817A4 /* GameScene.swift */,
			);
			path = GameScene;
			sourceTree = "<group>";
		};
		B6D1E70C234E8F83002817A4 /* Actions */ = {
			isa = PBXGroup;
			children = (
				B6D1E6EF234D0549002817A4 /* Actions.sks */,
			);
			path = Actions;
			sourceTree = "<group>";
		};
		B6D1E70D234E8F8A002817A4 /* View */ = {
			isa = PBXGroup;
			children = (
				B6D1E6FA234D054B002817A4 /* LaunchScreen.storyboard */,
				B6D1E6F5234D0549002817A4 /* Main.storyboard */,
			);
			path = View;
			sourceTree = "<group>";
		};
		B6D1E70E234E8F93002817A4 /* Model */ = {
			isa = PBXGroup;
			children = (
				B6D1E707234E8F68002817A4 /* CustomPeerID.swift */,
			);
			path = Model;
			sourceTree = "<group>";
		};
		B6D1E70F234E8F9C002817A4 /* Connection */ = {
			isa = PBXGroup;
			children = (
				82E338A4234FADBF00E8D234 /* ServiceManager.swift */,
			);
			path = Connection;
			sourceTree = "<group>";
		};
		B6D1E713234EB5CF002817A4 /* Enum */ = {
			isa = PBXGroup;
			children = (
				B65FB884235817E200741673 /* Image.swift */,
			);
			path = Enum;
			sourceTree = "<group>";
		};
		B6EE6119235FBD7F00F4BE09 /* Delegates */ = {
			isa = PBXGroup;
			children = (
				B6EE611A235FBD9400F4BE09 /* GameSceneDelegate.swift */,
			);
			path = Delegates;
			sourceTree = "<group>";
		};
/* End PBXGroup section */

/* Begin PBXNativeTarget section */
		B6D1E6E7234D0549002817A4 /* MultipeerMadness */ = {
			isa = PBXNativeTarget;
			buildConfigurationList = B6D1E700234D054B002817A4 /* Build configuration list for PBXNativeTarget "MultipeerMadness" */;
			buildPhases = (
				B6D1E6E4234D0549002817A4 /* Sources */,
				B6D1E6E5234D0549002817A4 /* Frameworks */,
				B6D1E6E6234D0549002817A4 /* Resources */,
			);
			buildRules = (
			);
			dependencies = (
			);
			name = MultipeerMadness;
			productName = MultipeerMadness;
			productReference = B6D1E6E8234D0549002817A4 /* MultipeerMadness.app */;
			productType = "com.apple.product-type.application";
		};
/* End PBXNativeTarget section */

/* Begin PBXProject section */
		B6D1E6E0234D0549002817A4 /* Project object */ = {
			isa = PBXProject;
			attributes = {
				LastSwiftUpdateCheck = 1100;
				LastUpgradeCheck = 1100;
				ORGANIZATIONNAME = "{lfn}";
				TargetAttributes = {
					B6D1E6E7234D0549002817A4 = {
						CreatedOnToolsVersion = 11.0;
					};
				};
			};
			buildConfigurationList = B6D1E6E3234D0549002817A4 /* Build configuration list for PBXProject "MultipeerMadness" */;
			compatibilityVersion = "Xcode 9.3";
			developmentRegion = en;
			hasScannedForEncodings = 0;
			knownRegions = (
				en,
				Base,
			);
			mainGroup = B6D1E6DF234D0549002817A4;
			productRefGroup = B6D1E6E9234D0549002817A4 /* Products */;
			projectDirPath = "";
			projectRoot = "";
			targets = (
				B6D1E6E7234D0549002817A4 /* MultipeerMadness */,
			);
		};
/* End PBXProject section */

/* Begin PBXResourcesBuildPhase section */
		B6D1E6E6234D0549002817A4 /* Resources */ = {
			isa = PBXResourcesBuildPhase;
			buildActionMask = 2147483647;
			files = (
				B65FB8A42359357900741673 /* Map.sks in Resources */,
				B6D1E6F7234D0549002817A4 /* Main.storyboard in Resources */,
				B6D1E6EE234D0549002817A4 /* GameScene.sks in Resources */,
				B6D1E6F9234D054B002817A4 /* Assets.xcassets in Resources */,
				B6D1E6FC234D054B002817A4 /* LaunchScreen.storyboard in Resources */,
				B6D1E6F0234D0549002817A4 /* Actions.sks in Resources */,
				B65FB8A62359357900741673 /* map.json in Resources */,
			);
			runOnlyForDeploymentPostprocessing = 0;
		};
/* End PBXResourcesBuildPhase section */

/* Begin PBXSourcesBuildPhase section */
		B6D1E6E4234D0549002817A4 /* Sources */ = {
			isa = PBXSourcesBuildPhase;
			buildActionMask = 2147483647;
			files = (
				B628926923576ADD00BF4D7F /* SpriteComponent.swift in Sources */,
				B6D1E6F2234D0549002817A4 /* GameScene.swift in Sources */,
				B65FB88A2358187200741673 /* PlayerFactory.swift in Sources */,
				82E338A7234FD63100E8D234 /* MenuViewController.swift in Sources */,
				82E338A5234FADBF00E8D234 /* ServiceManager.swift in Sources */,
				B6EE611B235FBD9400F4BE09 /* GameSceneDelegate.swift in Sources */,
				B65FB885235817E200741673 /* Image.swift in Sources */,
				B6000320234EB7D400589D95 /* Joystick.swift in Sources */,
				B617ECE0235F6B8800136391 /* UIFactory.swift in Sources */,
				B634765F2351A5C700C275AC /* Helpers.swift in Sources */,
				B6D1E6F4234D0549002817A4 /* GameViewController.swift in Sources */,
				B65FB88323576C5C00741673 /* EntityManager.swift in Sources */,
				B6506CD02360CFBE00F8940F /* GameOverViewController.swift in Sources */,
				B65FB8A32359357900741673 /* Map.swift in Sources */,
				B617ECE3235F9CD700136391 /* CustomNode.swift in Sources */,
				B628925F235642AB00BF4D7F /* Controls.swift in Sources */,
				B6D1E6EC234D0549002817A4 /* AppDelegate.swift in Sources */,
				B6D1E708234E8F68002817A4 /* CustomPeerID.swift in Sources */,
				B6A22287235E299A00AD4FCE /* GameSceneContactDelegate.swift in Sources */,
				B65FB8912358D68000741673 /* VelocityComponent.swift in Sources */,
				B628926723576A6800BF4D7F /* Gun.swift in Sources */,
				B6289264235769BE00BF4D7F /* Shooter.swift in Sources */,
				B65FB8A22359357900741673 /* CustomMap.swift in Sources */,
				B65FB88C2358188400741673 /* Player.swift in Sources */,
				B65FB8A52359357900741673 /* MapHandler.swift in Sources */,
				B65FB8872358184F00741673 /* Bullet.swift in Sources */,
			);
			runOnlyForDeploymentPostprocessing = 0;
		};
/* End PBXSourcesBuildPhase section */

/* Begin PBXVariantGroup section */
		B6D1E6F5234D0549002817A4 /* Main.storyboard */ = {
			isa = PBXVariantGroup;
			children = (
				B6D1E6F6234D0549002817A4 /* Base */,
			);
			name = Main.storyboard;
			sourceTree = "<group>";
		};
		B6D1E6FA234D054B002817A4 /* LaunchScreen.storyboard */ = {
			isa = PBXVariantGroup;
			children = (
				B6D1E6FB234D054B002817A4 /* Base */,
			);
			name = LaunchScreen.storyboard;
			sourceTree = "<group>";
		};
/* End PBXVariantGroup section */

/* Begin XCBuildConfiguration section */
		B6D1E6FE234D054B002817A4 /* Debug */ = {
			isa = XCBuildConfiguration;
			buildSettings = {
				ALWAYS_SEARCH_USER_PATHS = NO;
				CLANG_ANALYZER_NONNULL = YES;
				CLANG_ANALYZER_NUMBER_OBJECT_CONVERSION = YES_AGGRESSIVE;
				CLANG_CXX_LANGUAGE_STANDARD = "gnu++14";
				CLANG_CXX_LIBRARY = "libc++";
				CLANG_ENABLE_MODULES = YES;
				CLANG_ENABLE_OBJC_ARC = YES;
				CLANG_ENABLE_OBJC_WEAK = YES;
				CLANG_WARN_BLOCK_CAPTURE_AUTORELEASING = YES;
				CLANG_WARN_BOOL_CONVERSION = YES;
				CLANG_WARN_COMMA = YES;
				CLANG_WARN_CONSTANT_CONVERSION = YES;
				CLANG_WARN_DEPRECATED_OBJC_IMPLEMENTATIONS = YES;
				CLANG_WARN_DIRECT_OBJC_ISA_USAGE = YES_ERROR;
				CLANG_WARN_DOCUMENTATION_COMMENTS = YES;
				CLANG_WARN_EMPTY_BODY = YES;
				CLANG_WARN_ENUM_CONVERSION = YES;
				CLANG_WARN_INFINITE_RECURSION = YES;
				CLANG_WARN_INT_CONVERSION = YES;
				CLANG_WARN_NON_LITERAL_NULL_CONVERSION = YES;
				CLANG_WARN_OBJC_IMPLICIT_RETAIN_SELF = YES;
				CLANG_WARN_OBJC_LITERAL_CONVERSION = YES;
				CLANG_WARN_OBJC_ROOT_CLASS = YES_ERROR;
				CLANG_WARN_RANGE_LOOP_ANALYSIS = YES;
				CLANG_WARN_STRICT_PROTOTYPES = YES;
				CLANG_WARN_SUSPICIOUS_MOVE = YES;
				CLANG_WARN_UNGUARDED_AVAILABILITY = YES_AGGRESSIVE;
				CLANG_WARN_UNREACHABLE_CODE = YES;
				CLANG_WARN__DUPLICATE_METHOD_MATCH = YES;
				COPY_PHASE_STRIP = NO;
				DEBUG_INFORMATION_FORMAT = dwarf;
				ENABLE_STRICT_OBJC_MSGSEND = YES;
				ENABLE_TESTABILITY = YES;
				GCC_C_LANGUAGE_STANDARD = gnu11;
				GCC_DYNAMIC_NO_PIC = NO;
				GCC_NO_COMMON_BLOCKS = YES;
				GCC_OPTIMIZATION_LEVEL = 0;
				GCC_PREPROCESSOR_DEFINITIONS = (
					"DEBUG=1",
					"$(inherited)",
				);
				GCC_WARN_64_TO_32_BIT_CONVERSION = YES;
				GCC_WARN_ABOUT_RETURN_TYPE = YES_ERROR;
				GCC_WARN_UNDECLARED_SELECTOR = YES;
				GCC_WARN_UNINITIALIZED_AUTOS = YES_AGGRESSIVE;
				GCC_WARN_UNUSED_FUNCTION = YES;
				GCC_WARN_UNUSED_VARIABLE = YES;
				IPHONEOS_DEPLOYMENT_TARGET = 13.0;
				MTL_ENABLE_DEBUG_INFO = INCLUDE_SOURCE;
				MTL_FAST_MATH = YES;
				ONLY_ACTIVE_ARCH = YES;
				SDKROOT = iphoneos;
				SWIFT_ACTIVE_COMPILATION_CONDITIONS = DEBUG;
				SWIFT_OPTIMIZATION_LEVEL = "-Onone";
			};
			name = Debug;
		};
		B6D1E6FF234D054B002817A4 /* Release */ = {
			isa = XCBuildConfiguration;
			buildSettings = {
				ALWAYS_SEARCH_USER_PATHS = NO;
				CLANG_ANALYZER_NONNULL = YES;
				CLANG_ANALYZER_NUMBER_OBJECT_CONVERSION = YES_AGGRESSIVE;
				CLANG_CXX_LANGUAGE_STANDARD = "gnu++14";
				CLANG_CXX_LIBRARY = "libc++";
				CLANG_ENABLE_MODULES = YES;
				CLANG_ENABLE_OBJC_ARC = YES;
				CLANG_ENABLE_OBJC_WEAK = YES;
				CLANG_WARN_BLOCK_CAPTURE_AUTORELEASING = YES;
				CLANG_WARN_BOOL_CONVERSION = YES;
				CLANG_WARN_COMMA = YES;
				CLANG_WARN_CONSTANT_CONVERSION = YES;
				CLANG_WARN_DEPRECATED_OBJC_IMPLEMENTATIONS = YES;
				CLANG_WARN_DIRECT_OBJC_ISA_USAGE = YES_ERROR;
				CLANG_WARN_DOCUMENTATION_COMMENTS = YES;
				CLANG_WARN_EMPTY_BODY = YES;
				CLANG_WARN_ENUM_CONVERSION = YES;
				CLANG_WARN_INFINITE_RECURSION = YES;
				CLANG_WARN_INT_CONVERSION = YES;
				CLANG_WARN_NON_LITERAL_NULL_CONVERSION = YES;
				CLANG_WARN_OBJC_IMPLICIT_RETAIN_SELF = YES;
				CLANG_WARN_OBJC_LITERAL_CONVERSION = YES;
				CLANG_WARN_OBJC_ROOT_CLASS = YES_ERROR;
				CLANG_WARN_RANGE_LOOP_ANALYSIS = YES;
				CLANG_WARN_STRICT_PROTOTYPES = YES;
				CLANG_WARN_SUSPICIOUS_MOVE = YES;
				CLANG_WARN_UNGUARDED_AVAILABILITY = YES_AGGRESSIVE;
				CLANG_WARN_UNREACHABLE_CODE = YES;
				CLANG_WARN__DUPLICATE_METHOD_MATCH = YES;
				COPY_PHASE_STRIP = NO;
				DEBUG_INFORMATION_FORMAT = "dwarf-with-dsym";
				ENABLE_NS_ASSERTIONS = NO;
				ENABLE_STRICT_OBJC_MSGSEND = YES;
				GCC_C_LANGUAGE_STANDARD = gnu11;
				GCC_NO_COMMON_BLOCKS = YES;
				GCC_WARN_64_TO_32_BIT_CONVERSION = YES;
				GCC_WARN_ABOUT_RETURN_TYPE = YES_ERROR;
				GCC_WARN_UNDECLARED_SELECTOR = YES;
				GCC_WARN_UNINITIALIZED_AUTOS = YES_AGGRESSIVE;
				GCC_WARN_UNUSED_FUNCTION = YES;
				GCC_WARN_UNUSED_VARIABLE = YES;
				IPHONEOS_DEPLOYMENT_TARGET = 13.0;
				MTL_ENABLE_DEBUG_INFO = NO;
				MTL_FAST_MATH = YES;
				SDKROOT = iphoneos;
				SWIFT_COMPILATION_MODE = wholemodule;
				SWIFT_OPTIMIZATION_LEVEL = "-O";
				VALIDATE_PRODUCT = YES;
			};
			name = Release;
		};
		B6D1E701234D054B002817A4 /* Debug */ = {
			isa = XCBuildConfiguration;
			buildSettings = {
				ASSETCATALOG_COMPILER_APPICON_NAME = AppIcon;
				CODE_SIGN_IDENTITY = "Apple Development";
				CODE_SIGN_STYLE = Automatic;
				DEVELOPMENT_TEAM = 87G2Y58K9U;
				INFOPLIST_FILE = MultipeerMadness/Info.plist;
				IPHONEOS_DEPLOYMENT_TARGET = 12.0;
				LD_RUNPATH_SEARCH_PATHS = (
					"$(inherited)",
					"@executable_path/Frameworks",
				);
				PRODUCT_BUNDLE_IDENTIFIER = com.lucasfn.MultipeerMadness;
				PRODUCT_NAME = "$(TARGET_NAME)";
				PROVISIONING_PROFILE_SPECIFIER = "";
				SWIFT_VERSION = 5.0;
				TARGETED_DEVICE_FAMILY = "1,2";
			};
			name = Debug;
		};
		B6D1E702234D054B002817A4 /* Release */ = {
			isa = XCBuildConfiguration;
			buildSettings = {
				ASSETCATALOG_COMPILER_APPICON_NAME = AppIcon;
				CODE_SIGN_IDENTITY = "Apple Development";
				CODE_SIGN_STYLE = Manual;
				DEVELOPMENT_TEAM = "";
				INFOPLIST_FILE = MultipeerMadness/Info.plist;
				IPHONEOS_DEPLOYMENT_TARGET = 12.0;
				LD_RUNPATH_SEARCH_PATHS = (
					"$(inherited)",
					"@executable_path/Frameworks",
				);
				PRODUCT_BUNDLE_IDENTIFIER = com.lucasfn.MultipeerMadness;
				PRODUCT_NAME = "$(TARGET_NAME)";
				PROVISIONING_PROFILE_SPECIFIER = "";
				SWIFT_VERSION = 5.0;
				TARGETED_DEVICE_FAMILY = "1,2";
			};
			name = Release;
		};
/* End XCBuildConfiguration section */

/* Begin XCConfigurationList section */
		B6D1E6E3234D0549002817A4 /* Build configuration list for PBXProject "MultipeerMadness" */ = {
			isa = XCConfigurationList;
			buildConfigurations = (
				B6D1E6FE234D054B002817A4 /* Debug */,
				B6D1E6FF234D054B002817A4 /* Release */,
			);
			defaultConfigurationIsVisible = 0;
			defaultConfigurationName = Release;
		};
		B6D1E700234D054B002817A4 /* Build configuration list for PBXNativeTarget "MultipeerMadness" */ = {
			isa = XCConfigurationList;
			buildConfigurations = (
				B6D1E701234D054B002817A4 /* Debug */,
				B6D1E702234D054B002817A4 /* Release */,
			);
			defaultConfigurationIsVisible = 0;
			defaultConfigurationName = Release;
		};
/* End XCConfigurationList section */
	};
	rootObject = B6D1E6E0234D0549002817A4 /* Project object */;
}
